{
    "version": 3,
    "terraform_version": "0.11.14",
    "serial": 8,
    "lineage": "3b0e6694-49bd-a13c-ce97-a3da17efcb0a",
    "modules": [
        {
            "path": [
                "root"
            ],
            "outputs": {
                "address": {
                    "sensitive": false,
                    "type": "string",
                    "value": "internal-MediaWikiELB-972445377.us-west-2.elb.amazonaws.com"
                },
                "pem": {
                    "sensitive": false,
                    "type": "list",
                    "value": [
                        "-----BEGIN RSA PRIVATE KEY-----\nMIIEowIBAAKCAQEArSVbYH0FKNS1BmHVIv17shx8bw86SWF3gCVzKuZunTLqfJfz\nmXObt/esjzNaXgIG0tqymae2B0YQ5xT6f3s5ve87wy1tiykpkBSLC6PT79dz+Oe9\niRNMh4HCEhT7P4Y2RGXrAxJ47/P87SjWBJQqU3B/hgouIo97iJbrcdKDEleuglKI\nIV32DKBjahb6m/JK9T6eJsFa8ULCH5J7A0plUsm3eS8THHeYGVVy4zahSoD08PfM\nj+VUAcO8n9z9BakOKDJeabEqbJGJBKOLB+jgT5sreFtfemvZTRXluqt2iXmmqxOX\nHx9fCYjovCkzVZV2ChL/UvZfGy2yGkS0bagg2wIDAQABAoIBACYtIHKr3iFclPVt\nSMNIRKfG5CDQqLdZSDH3D+ebmzQJ7+28yzdAaEstztxcJEaqB7siAVMjyVzdNAjf\ndUP6dYbNYs3sDEUstD9SaD4Ox0IQrT9qST4aBTuzfojiG2usOfbmyeSJhCTUFSZt\nZJLp4FM5cMSrJfT00fYR4KPeGIxIcAUZVa3QwNJsO/elGTaggwIMFU5MgRhmPXYf\nQWFq/Pw9vVs1ukAZsjZH5YeRyXdRymnWdXltsDZUygcLEB7LxU87HCVE/7Upru55\n4K4vpvZ9pS3dOEbNxXEkos1/K+7+QC/SRE6s6r0B4E/gDL/lWV17cabPI353toLf\nrnvf0NECgYEAykBMdpm73UbR8qDyJ/jP+K2m0acwCHNiV6fmibInB6Rf0LcDHus+\n5vSfTxKYW671s/Qbhp0GQI5zLKQtl7R65P0fUN2NHuaYWUU0pIUSSwVXxA7g+zfE\nUkjIX29lY+Z+P+9NkexBw8iTWRoJkv8b6TaI83UkXcrfNrnGAaY1vT0CgYEA2yjy\n688p7ww6QTzG1y1unTWlD+JbXoXTRdv36zXrYBq30xyuvrE0ZisohPr449RkEfmx\nBbYnpe2cK0lwsey7JRx4AuAhjCP6UZVBEND/GP2Bc8BQ7t862fvMMmMw7f8adGi/\nQBs14Re0crmJvFSYWqOewRlwdDp1cLydtpQHZ/cCgYAfzUZ4q6m3nIgsr5QEJwKE\npsGBW9mYqpP/Fn6QjjvG3tjWF8Dc3r6wUCywoUrlt7gYyLx/STePdRa1IUeuAAoG\n8ao36+5hun6gItqpN+dtdnSbdn934Qf0rE8deoWl1LtrUDSRSmX45BQPQaHZxFVe\nMV4NchD60oiQsVtqLPlsPQKBgC7IkQKxmHwFGjJu7OtmMWSx3OiFI4gL/Uu+Zy/4\ntKQxT+hrCQp//XWJ5P5uLM9FuY70xEs51UDgdiPva3Uv2ctURnImskKeM4NS3y7d\nznbhNs8k0KINWRzLWY2wCvPjLxyGd70RkfDZBJYw8SwYyuUeZHdIHO9Sw1sriGc/\nNk2FAoGBAMI1Z2rG6v1Z17M5TJ+0z6wnkc8ytfyvSXnjYW79r6BvzuaPT09FBEbQ\ncAvgZhw4f9En3EtZk6Ei3Xfh/ZWGNoxXawGsr+WPcmcWOo5umkfZ3xH+cLAIGcP1\nv0sAEJml0CZSWnd8KqOvzbD/3jTDZTzrCv0pbT7E4OEHSmgDNUtZ\n-----END RSA PRIVATE KEY-----\n"
                    ]
                }
            },
            "resources": {
                "aws_elb.mw_elb": {
                    "type": "aws_elb",
                    "depends_on": [
                        "aws_instance.webserver1",
                        "aws_instance.webserver2",
                        "aws_security_group.mw_sg",
                        "aws_subnet.mw_subnet1",
                        "aws_subnet.mw_subnet2"
                    ],
                    "primary": {
                        "id": "MediaWikiELB",
                        "attributes": {
                            "access_logs.#": "0",
                            "arn": "arn:aws:elasticloadbalancing:us-west-2:880681744680:loadbalancer/MediaWikiELB",
                            "availability_zones.#": "2",
                            "availability_zones.2050015877": "us-west-2c",
                            "availability_zones.221770259": "us-west-2b",
                            "connection_draining": "false",
                            "connection_draining_timeout": "300",
                            "cross_zone_load_balancing": "true",
                            "dns_name": "internal-MediaWikiELB-972445377.us-west-2.elb.amazonaws.com",
                            "health_check.#": "1",
                            "health_check.0.healthy_threshold": "10",
                            "health_check.0.interval": "30",
                            "health_check.0.target": "TCP:80",
                            "health_check.0.timeout": "5",
                            "health_check.0.unhealthy_threshold": "2",
                            "id": "MediaWikiELB",
                            "idle_timeout": "60",
                            "instances.#": "2",
                            "instances.1780641536": "i-0806f5b7709200a1d",
                            "instances.400014389": "i-0b366ca2ab9e8c855",
                            "internal": "true",
                            "listener.#": "1",
                            "listener.3057123346.instance_port": "80",
                            "listener.3057123346.instance_protocol": "http",
                            "listener.3057123346.lb_port": "80",
                            "listener.3057123346.lb_protocol": "http",
                            "listener.3057123346.ssl_certificate_id": "",
                            "name": "MediaWikiELB",
                            "security_groups.#": "1",
                            "security_groups.866265676": "sg-032d9ed63f3212281",
                            "source_security_group": "880681744680/mw_sg",
                            "source_security_group_id": "sg-032d9ed63f3212281",
                            "subnets.#": "2",
                            "subnets.3970560276": "subnet-07baa294deb2a1bb4",
                            "subnets.4211542242": "subnet-0168c1e19baffb3f0",
                            "tags.%": "0",
                            "zone_id": "Z1H1FL5HABSF5"
                        },
                        "meta": {},
                        "tainted": false
                    },
                    "deposed": [],
                    "provider": "provider.aws"
                },
                "aws_instance.webserver1": {
                    "type": "aws_instance",
                    "depends_on": [
                        "aws_key_pair.generated_key",
                        "aws_security_group.mw_sg",
                        "aws_subnet.mw_subnet1"
                    ],
                    "primary": {
                        "id": "i-0806f5b7709200a1d",
                        "attributes": {
                            "ami": "ami-28e07e50",
                            "arn": "arn:aws:ec2:us-west-2:880681744680:instance/i-0806f5b7709200a1d",
                            "associate_public_ip_address": "true",
                            "availability_zone": "us-west-2b",
                            "cpu_core_count": "1",
                            "cpu_threads_per_core": "1",
                            "credit_specification.#": "1",
                            "credit_specification.0.cpu_credits": "standard",
                            "disable_api_termination": "false",
                            "ebs_block_device.#": "0",
                            "ebs_optimized": "false",
                            "ephemeral_block_device.#": "0",
                            "get_password_data": "false",
                            "iam_instance_profile": "",
                            "id": "i-0806f5b7709200a1d",
                            "instance_state": "running",
                            "instance_type": "t2.micro",
                            "ipv6_address_count": "0",
                            "ipv6_addresses.#": "0",
                            "key_name": "mediawiki",
                            "monitoring": "false",
                            "network_interface.#": "0",
                            "password_data": "",
                            "placement_group": "",
                            "primary_network_interface_id": "eni-0eadf5f01abd6150d",
                            "private_dns": "ip-10-0-1-40.us-west-2.compute.internal",
                            "private_ip": "10.0.1.40",
                            "public_dns": "ec2-54-184-33-87.us-west-2.compute.amazonaws.com",
                            "public_ip": "54.184.33.87",
                            "root_block_device.#": "1",
                            "root_block_device.0.delete_on_termination": "true",
                            "root_block_device.0.iops": "100",
                            "root_block_device.0.volume_id": "vol-0127d240e618b04c5",
                            "root_block_device.0.volume_size": "10",
                            "root_block_device.0.volume_type": "gp2",
                            "security_groups.#": "0",
                            "source_dest_check": "true",
                            "subnet_id": "subnet-0168c1e19baffb3f0",
                            "tags.%": "2",
                            "tags.Name": "MediaWiki-Web-1",
                            "tags.group": "web",
                            "tenancy": "default",
                            "volume_tags.%": "0",
                            "vpc_security_group_ids.#": "1",
                            "vpc_security_group_ids.866265676": "sg-032d9ed63f3212281"
                        },
                        "meta": {
                            "e2bfb730-ecaa-11e6-8f88-34363bc7c4c0": {
                                "create": 600000000000,
                                "delete": 1200000000000,
                                "update": 600000000000
                            },
                            "schema_version": "1"
                        },
                        "tainted": false
                    },
                    "deposed": [],
                    "provider": "provider.aws"
                },
                "aws_key_pair.generated_key": {
                    "type": "aws_key_pair",
                    "depends_on": [
                        "tls_private_key.mw_key"
                    ],
                    "primary": {
                        "id": "mediawiki",
                        "attributes": {
                            "fingerprint": "d3:a0:36:16:b0:b8:45:85:6e:a4:13:ad:1f:e2:ee:82",
                            "id": "mediawiki",
                            "key_name": "mediawiki",
                            "public_key": "ssh-rsa AAAAB3NzaC1yc2EAAAADAQABAAABAQCtJVtgfQUo1LUGYdUi/XuyHHxvDzpJYXeAJXMq5m6dMup8l/OZc5u396yPM1peAgbS2rKZp7YHRhDnFPp/ezm97zvDLW2LKSmQFIsLo9Pv13P4572JE0yHgcISFPs/hjZEZesDEnjv8/ztKNYElCpTcH+GCi4ij3uIlutx0oMSV66CUoghXfYMoGNqFvqb8kr1Pp4mwVrxQsIfknsDSmVSybd5LxMcd5gZVXLjNqFKgPTw98yP5VQBw7yf3P0FqQ4oMl5psSpskYkEo4sH6OBPmyt4W196a9lNFeW6q3aJeaarE5cfH18JiOi8KTNVlXYKEv9S9l8bLbIaRLRtqCDb"
                        },
                        "meta": {
                            "schema_version": "1"
                        },
                        "tainted": false
                    },
                    "deposed": [],
                    "provider": "provider.aws"
                },
                "aws_security_group.mw_sg": {
                    "type": "aws_security_group",
                    "depends_on": [
                        "aws_vpc.mw_vpc"
                    ],
                    "primary": {
                        "id": "sg-032d9ed63f3212281",
                        "attributes": {
                            "arn": "arn:aws:ec2:us-west-2:880681744680:security-group/sg-032d9ed63f3212281",
                            "description": "Managed by Terraform",
                            "egress.#": "1",
                            "egress.482069346.cidr_blocks.#": "1",
                            "egress.482069346.cidr_blocks.0": "0.0.0.0/0",
                            "egress.482069346.description": "",
                            "egress.482069346.from_port": "0",
                            "egress.482069346.ipv6_cidr_blocks.#": "0",
                            "egress.482069346.prefix_list_ids.#": "0",
                            "egress.482069346.protocol": "-1",
                            "egress.482069346.security_groups.#": "0",
                            "egress.482069346.self": "false",
                            "egress.482069346.to_port": "0",
                            "id": "sg-032d9ed63f3212281",
                            "ingress.#": "3",
                            "ingress.1163740523.cidr_blocks.#": "1",
                            "ingress.1163740523.cidr_blocks.0": "0.0.0.0/0",
                            "ingress.1163740523.description": "",
                            "ingress.1163740523.from_port": "3306",
                            "ingress.1163740523.ipv6_cidr_blocks.#": "0",
                            "ingress.1163740523.prefix_list_ids.#": "0",
                            "ingress.1163740523.protocol": "TCP",
                            "ingress.1163740523.security_groups.#": "0",
                            "ingress.1163740523.self": "false",
                            "ingress.1163740523.to_port": "3306",
                            "ingress.2214680975.cidr_blocks.#": "1",
                            "ingress.2214680975.cidr_blocks.0": "0.0.0.0/0",
                            "ingress.2214680975.description": "",
                            "ingress.2214680975.from_port": "80",
                            "ingress.2214680975.ipv6_cidr_blocks.#": "0",
                            "ingress.2214680975.prefix_list_ids.#": "0",
                            "ingress.2214680975.protocol": "TCP",
                            "ingress.2214680975.security_groups.#": "0",
                            "ingress.2214680975.self": "false",
                            "ingress.2214680975.to_port": "80",
                            "ingress.2541437006.cidr_blocks.#": "1",
                            "ingress.2541437006.cidr_blocks.0": "0.0.0.0/0",
                            "ingress.2541437006.description": "",
                            "ingress.2541437006.from_port": "22",
                            "ingress.2541437006.ipv6_cidr_blocks.#": "0",
                            "ingress.2541437006.prefix_list_ids.#": "0",
                            "ingress.2541437006.protocol": "TCP",
                            "ingress.2541437006.security_groups.#": "0",
                            "ingress.2541437006.self": "false",
                            "ingress.2541437006.to_port": "22",
                            "name": "mw_sg",
                            "owner_id": "880681744680",
                            "revoke_rules_on_delete": "false",
                            "tags.%": "0",
                            "vpc_id": "vpc-098bdf8c00f08cd91"
                        },
                        "meta": {
                            "e2bfb730-ecaa-11e6-8f88-34363bc7c4c0": {
                                "create": 600000000000,
                                "delete": 600000000000
                            },
                            "schema_version": "1"
                        },
                        "tainted": false
                    },
                    "deposed": [],
                    "provider": "provider.aws"
                },
                "aws_subnet.mw_subnet1": {
                    "type": "aws_subnet",
                    "depends_on": [
                        "aws_vpc.mw_vpc"
                    ],
                    "primary": {
                        "id": "subnet-0168c1e19baffb3f0",
                        "attributes": {
                            "arn": "arn:aws:ec2:us-west-2:880681744680:subnet/subnet-0168c1e19baffb3f0",
                            "assign_ipv6_address_on_creation": "false",
                            "availability_zone": "us-west-2b",
                            "availability_zone_id": "usw2-az2",
                            "cidr_block": "10.0.1.0/24",
                            "id": "subnet-0168c1e19baffb3f0",
                            "ipv6_cidr_block": "",
                            "ipv6_cidr_block_association_id": "",
                            "map_public_ip_on_launch": "false",
                            "owner_id": "880681744680",
                            "tags.%": "1",
                            "tags.Name": "MediaWikiSubnet1",
                            "vpc_id": "vpc-098bdf8c00f08cd91"
                        },
                        "meta": {
                            "e2bfb730-ecaa-11e6-8f88-34363bc7c4c0": {
                                "create": 600000000000,
                                "delete": 600000000000
                            },
                            "schema_version": "1"
                        },
                        "tainted": false
                    },
                    "deposed": [],
                    "provider": "provider.aws"
                },
                "aws_subnet.mw_subnet2": {
                    "type": "aws_subnet",
                    "depends_on": [
                        "aws_vpc.mw_vpc"
                    ],
                    "primary": {
                        "id": "subnet-07baa294deb2a1bb4",
                        "attributes": {
                            "arn": "arn:aws:ec2:us-west-2:880681744680:subnet/subnet-07baa294deb2a1bb4",
                            "assign_ipv6_address_on_creation": "false",
                            "availability_zone": "us-west-2c",
                            "availability_zone_id": "usw2-az3",
                            "cidr_block": "10.0.2.0/24",
                            "id": "subnet-07baa294deb2a1bb4",
                            "ipv6_cidr_block": "",
                            "ipv6_cidr_block_association_id": "",
                            "map_public_ip_on_launch": "false",
                            "owner_id": "880681744680",
                            "tags.%": "1",
                            "tags.Name": "MediaWikiSubnet2",
                            "vpc_id": "vpc-098bdf8c00f08cd91"
                        },
                        "meta": {
                            "e2bfb730-ecaa-11e6-8f88-34363bc7c4c0": {
                                "create": 600000000000,
                                "delete": 600000000000
                            },
                            "schema_version": "1"
                        },
                        "tainted": false
                    },
                    "deposed": [],
                    "provider": "provider.aws"
                },
                "aws_subnet.mw_subnet3": {
                    "type": "aws_subnet",
                    "depends_on": [
                        "aws_vpc.mw_vpc"
                    ],
                    "primary": {
                        "id": "subnet-053ff6a45d1723a50",
                        "attributes": {
                            "arn": "arn:aws:ec2:us-west-2:880681744680:subnet/subnet-053ff6a45d1723a50",
                            "assign_ipv6_address_on_creation": "false",
                            "availability_zone": "us-west-2a",
                            "availability_zone_id": "usw2-az1",
                            "cidr_block": "10.0.4.0/24",
                            "id": "subnet-053ff6a45d1723a50",
                            "ipv6_cidr_block": "",
                            "ipv6_cidr_block_association_id": "",
                            "map_public_ip_on_launch": "false",
                            "owner_id": "880681744680",
                            "tags.%": "1",
                            "tags.Name": "MediaWikiSubnet3",
                            "vpc_id": "vpc-098bdf8c00f08cd91"
                        },
                        "meta": {
                            "e2bfb730-ecaa-11e6-8f88-34363bc7c4c0": {
                                "create": 600000000000,
                                "delete": 600000000000
                            },
                            "schema_version": "1"
                        },
                        "tainted": false
                    },
                    "deposed": [],
                    "provider": "provider.aws"
                },
                "aws_vpc.mw_vpc": {
                    "type": "aws_vpc",
                    "depends_on": [],
                    "primary": {
                        "id": "vpc-098bdf8c00f08cd91",
                        "attributes": {
                            "arn": "arn:aws:ec2:us-west-2:880681744680:vpc/vpc-098bdf8c00f08cd91",
                            "assign_generated_ipv6_cidr_block": "false",
                            "cidr_block": "10.0.0.0/16",
                            "default_network_acl_id": "acl-01ca499e1e0c270dd",
                            "default_route_table_id": "rtb-0ea785bfbc513958b",
                            "default_security_group_id": "sg-0a730fc4d117654c7",
                            "dhcp_options_id": "dopt-0111b079",
                            "enable_classiclink": "false",
                            "enable_classiclink_dns_support": "false",
                            "enable_dns_hostnames": "true",
                            "enable_dns_support": "true",
                            "id": "vpc-098bdf8c00f08cd91",
                            "instance_tenancy": "default",
                            "ipv6_association_id": "",
                            "ipv6_cidr_block": "",
                            "main_route_table_id": "rtb-0ea785bfbc513958b",
                            "owner_id": "880681744680",
                            "tags.%": "1",
                            "tags.Name": "MediaWikiVPC"
                        },
                        "meta": {
                            "schema_version": "1"
                        },
                        "tainted": false
                    },
                    "deposed": [],
                    "provider": "provider.aws"
                },
                "tls_private_key.mw_key": {
                    "type": "tls_private_key",
                    "depends_on": [],
                    "primary": {
                        "id": "34e37d4b1d7f4830ad9379a47e20dec7dfa9fd83",
                        "attributes": {
                            "algorithm": "RSA",
                            "ecdsa_curve": "P224",
                            "id": "34e37d4b1d7f4830ad9379a47e20dec7dfa9fd83",
                            "private_key_pem": "-----BEGIN RSA PRIVATE KEY-----\nMIIEowIBAAKCAQEArSVbYH0FKNS1BmHVIv17shx8bw86SWF3gCVzKuZunTLqfJfz\nmXObt/esjzNaXgIG0tqymae2B0YQ5xT6f3s5ve87wy1tiykpkBSLC6PT79dz+Oe9\niRNMh4HCEhT7P4Y2RGXrAxJ47/P87SjWBJQqU3B/hgouIo97iJbrcdKDEleuglKI\nIV32DKBjahb6m/JK9T6eJsFa8ULCH5J7A0plUsm3eS8THHeYGVVy4zahSoD08PfM\nj+VUAcO8n9z9BakOKDJeabEqbJGJBKOLB+jgT5sreFtfemvZTRXluqt2iXmmqxOX\nHx9fCYjovCkzVZV2ChL/UvZfGy2yGkS0bagg2wIDAQABAoIBACYtIHKr3iFclPVt\nSMNIRKfG5CDQqLdZSDH3D+ebmzQJ7+28yzdAaEstztxcJEaqB7siAVMjyVzdNAjf\ndUP6dYbNYs3sDEUstD9SaD4Ox0IQrT9qST4aBTuzfojiG2usOfbmyeSJhCTUFSZt\nZJLp4FM5cMSrJfT00fYR4KPeGIxIcAUZVa3QwNJsO/elGTaggwIMFU5MgRhmPXYf\nQWFq/Pw9vVs1ukAZsjZH5YeRyXdRymnWdXltsDZUygcLEB7LxU87HCVE/7Upru55\n4K4vpvZ9pS3dOEbNxXEkos1/K+7+QC/SRE6s6r0B4E/gDL/lWV17cabPI353toLf\nrnvf0NECgYEAykBMdpm73UbR8qDyJ/jP+K2m0acwCHNiV6fmibInB6Rf0LcDHus+\n5vSfTxKYW671s/Qbhp0GQI5zLKQtl7R65P0fUN2NHuaYWUU0pIUSSwVXxA7g+zfE\nUkjIX29lY+Z+P+9NkexBw8iTWRoJkv8b6TaI83UkXcrfNrnGAaY1vT0CgYEA2yjy\n688p7ww6QTzG1y1unTWlD+JbXoXTRdv36zXrYBq30xyuvrE0ZisohPr449RkEfmx\nBbYnpe2cK0lwsey7JRx4AuAhjCP6UZVBEND/GP2Bc8BQ7t862fvMMmMw7f8adGi/\nQBs14Re0crmJvFSYWqOewRlwdDp1cLydtpQHZ/cCgYAfzUZ4q6m3nIgsr5QEJwKE\npsGBW9mYqpP/Fn6QjjvG3tjWF8Dc3r6wUCywoUrlt7gYyLx/STePdRa1IUeuAAoG\n8ao36+5hun6gItqpN+dtdnSbdn934Qf0rE8deoWl1LtrUDSRSmX45BQPQaHZxFVe\nMV4NchD60oiQsVtqLPlsPQKBgC7IkQKxmHwFGjJu7OtmMWSx3OiFI4gL/Uu+Zy/4\ntKQxT+hrCQp//XWJ5P5uLM9FuY70xEs51UDgdiPva3Uv2ctURnImskKeM4NS3y7d\nznbhNs8k0KINWRzLWY2wCvPjLxyGd70RkfDZBJYw8SwYyuUeZHdIHO9Sw1sriGc/\nNk2FAoGBAMI1Z2rG6v1Z17M5TJ+0z6wnkc8ytfyvSXnjYW79r6BvzuaPT09FBEbQ\ncAvgZhw4f9En3EtZk6Ei3Xfh/ZWGNoxXawGsr+WPcmcWOo5umkfZ3xH+cLAIGcP1\nv0sAEJml0CZSWnd8KqOvzbD/3jTDZTzrCv0pbT7E4OEHSmgDNUtZ\n-----END RSA PRIVATE KEY-----\n",
                            "public_key_fingerprint_md5": "bd:6b:94:2d:c8:c7:cd:50:a3:f4:ef:51:a3:ca:45:67",
                            "public_key_openssh": "ssh-rsa AAAAB3NzaC1yc2EAAAADAQABAAABAQCtJVtgfQUo1LUGYdUi/XuyHHxvDzpJYXeAJXMq5m6dMup8l/OZc5u396yPM1peAgbS2rKZp7YHRhDnFPp/ezm97zvDLW2LKSmQFIsLo9Pv13P4572JE0yHgcISFPs/hjZEZesDEnjv8/ztKNYElCpTcH+GCi4ij3uIlutx0oMSV66CUoghXfYMoGNqFvqb8kr1Pp4mwVrxQsIfknsDSmVSybd5LxMcd5gZVXLjNqFKgPTw98yP5VQBw7yf3P0FqQ4oMl5psSpskYkEo4sH6OBPmyt4W196a9lNFeW6q3aJeaarE5cfH18JiOi8KTNVlXYKEv9S9l8bLbIaRLRtqCDb\n",
                            "public_key_pem": "-----BEGIN PUBLIC KEY-----\nMIIBIjANBgkqhkiG9w0BAQEFAAOCAQ8AMIIBCgKCAQEArSVbYH0FKNS1BmHVIv17\nshx8bw86SWF3gCVzKuZunTLqfJfzmXObt/esjzNaXgIG0tqymae2B0YQ5xT6f3s5\nve87wy1tiykpkBSLC6PT79dz+Oe9iRNMh4HCEhT7P4Y2RGXrAxJ47/P87SjWBJQq\nU3B/hgouIo97iJbrcdKDEleuglKIIV32DKBjahb6m/JK9T6eJsFa8ULCH5J7A0pl\nUsm3eS8THHeYGVVy4zahSoD08PfMj+VUAcO8n9z9BakOKDJeabEqbJGJBKOLB+jg\nT5sreFtfemvZTRXluqt2iXmmqxOXHx9fCYjovCkzVZV2ChL/UvZfGy2yGkS0bagg\n2wIDAQAB\n-----END PUBLIC KEY-----\n",
                            "rsa_bits": "2048"
                        },
                        "meta": {},
                        "tainted": false
                    },
                    "deposed": [],
                    "provider": "provider.tls"
                }
            },
            "depends_on": []
        }
    ]
}
